
Microsoft Visual Studio Solution File, Format Version 12.00
# Visual Studio Version 17
VisualStudioVersion = 17.1.32210.238
MinimumVisualStudioVersion = 10.0.40219.1
Project("{9A19103F-16F7-4668-BE54-9A1E7A4F7556}") = "azure.lagdaemon.web", "azure.lagdaemon.web.csproj", "{8D6024A6-BF77-47D9-8FAB-EA3924CE7C02}"
EndProject
Global
	GlobalSection(SolutionConfigurationPlatforms) = preSolution
		Debug|Any CPU = Debug|Any CPU
		Release|Any CPU = Release|Any CPU
	EndGlobalSection
	GlobalSection(ProjectConfigurationPlatforms) = postSolution
		{8D6024A6-BF77-47D9-8FAB-EA3924CE7C02}.Debug|Any CPU.ActiveCfg = Debug|Any CPU
		{8D6024A6-BF77-47D9-8FAB-EA3924CE7C02}.Debug|Any CPU.Build.0 = Debug|Any CPU
		{8D6024A6-BF77-47D9-8FAB-EA3924CE7C02}.Release|Any CPU.ActiveCfg = Release|Any CPU
		{8D6024A6-BF77-47D9-8FAB-EA3924CE7C02}.Release|Any CPU.Build.0 = Release|Any CPU
	EndGlobalSection
	GlobalSection(SolutionProperties) = preSolution
		HideSolutionNode = FALSE
	EndGlobalSection
	GlobalSection(ExtensibilityGlobals) = postSolution
		SolutionGuid = {27B91372-2B11-45C7-ACE4-DF42C21EF53A}
	EndGlobalSection
EndGlobal
